
Microsoft Visual Studio Solution File, Format Version 12.00
# Visual Studio Version 17
VisualStudioVersion = 17.9.34607.119
MinimumVisualStudioVersion = 10.0.40219.1
Project("{FAE04EC0-301F-11D3-BF4B-00C04F79EFBC}") = "Week2Lesson8ExerciseNr10", "Week2Lesson8ExerciseNr10\Week2Lesson8ExerciseNr10.csproj", "{03CC0C86-46F5-4EFC-80EC-6CFBF36BE6DD}"
EndProject
Global
	GlobalSection(SolutionConfigurationPlatforms) = preSolution
		Debug|Any CPU = Debug|Any CPU
		Release|Any CPU = Release|Any CPU
	EndGlobalSection
	GlobalSection(ProjectConfigurationPlatforms) = postSolution
		{03CC0C86-46F5-4EFC-80EC-6CFBF36BE6DD}.Debug|Any CPU.ActiveCfg = Debug|Any CPU
		{03CC0C86-46F5-4EFC-80EC-6CFBF36BE6DD}.Debug|Any CPU.Build.0 = Debug|Any CPU
		{03CC0C86-46F5-4EFC-80EC-6CFBF36BE6DD}.Release|Any CPU.ActiveCfg = Release|Any CPU
		{03CC0C86-46F5-4EFC-80EC-6CFBF36BE6DD}.Release|Any CPU.Build.0 = Release|Any CPU
	EndGlobalSection
	GlobalSection(SolutionProperties) = preSolution
		HideSolutionNode = FALSE
	EndGlobalSection
	GlobalSection(ExtensibilityGlobals) = postSolution
		SolutionGuid = {9523A642-7E28-4F19-9505-7A7A815BCDE6}
	EndGlobalSection
EndGlobal
